<?xml version="1.0" encoding="utf-8"?>
<Project xmlns="http://schemas.microsoft.com/developer/msbuild/2003">
  <ItemGroup>
    <Filter Include="Generated Files">
      <UniqueIdentifier>{71ED8ED8-ACB9-4CE9-BBE1-E00B30144E11}</UniqueIdentifier>
      <Extensions>cpp;c;cxx;moc;h;def;odl;idl;res;</Extensions>
    </Filter>
    <Filter Include="Generated Files">
      <UniqueIdentifier>{71ED8ED8-ACB9-4CE9-BBE1-E00B30144E11}</UniqueIdentifier>
      <Extensions>cpp;c;cxx;moc;h;def;odl;idl;res;</Extensions>
    </Filter>
    <Filter Include="Header Files">
      <UniqueIdentifier>{93995380-89BD-4b04-88EB-625FBE52EBFB}</UniqueIdentifier>
      <Extensions>h;hpp;hxx;hm;inl;inc;xsd</Extensions>
    </Filter>
    <Filter Include="Header Files">
      <UniqueIdentifier>{93995380-89BD-4b04-88EB-625FBE52EBFB}</UniqueIdentifier>
      <Extensions>h;hpp;hxx;hm;inl;inc;xsd</Extensions>
    </Filter>
    <Filter Include="Resource Files">
      <UniqueIdentifier>{D9D6E242-F8AF-46E4-B9FD-80ECBC20BA3E}</UniqueIdentifier>
      <Extensions>qrc;*</Extensions>
      <ParseFiles>false</ParseFiles>
    </Filter>
    <Filter Include="Resource Files">
      <UniqueIdentifier>{D9D6E242-F8AF-46E4-B9FD-80ECBC20BA3E}</UniqueIdentifier>
      <Extensions>qrc;*</Extensions>
      <ParseFiles>false</ParseFiles>
    </Filter>
    <Filter Include="Source Files">
      <UniqueIdentifier>{4FC737F1-C7A5-4376-A066-2A32D752A2FF}</UniqueIdentifier>
      <Extensions>cpp;c;cxx;def;odl;idl;hpj;bat;asm;asmx</Extensions>
    </Filter>
    <Filter Include="Source Files">
      <UniqueIdentifier>{4FC737F1-C7A5-4376-A066-2A32D752A2FF}</UniqueIdentifier>
      <Extensions>cpp;c;cxx;def;odl;idl;hpj;bat;asm;asmx</Extensions>
    </Filter>
  </ItemGroup>
  <ItemGroup>
    <ClCompile Include="SAFramelessHelper.cpp">
      <Filter>Source Files</Filter>
    </ClCompile>
    <ClCompile Include="SARibbonActionsManager.cpp">
      <Filter>Source Files</Filter>
    </ClCompile>
    <ClCompile Include="SARibbonApplicationButton.cpp">
      <Filter>Source Files</Filter>
    </ClCompile>
    <ClCompile Include="SARibbonBar.cpp">
      <Filter>Source Files</Filter>
    </ClCompile>
    <ClCompile Include="SARibbonButtonGroupWidget.cpp">
      <Filter>Source Files</Filter>
    </ClCompile>
    <ClCompile Include="SARibbonCategory.cpp">
      <Filter>Source Files</Filter>
    </ClCompile>
    <ClCompile Include="SARibbonCategoryLayout.cpp">
      <Filter>Source Files</Filter>
    </ClCompile>
    <ClCompile Include="SARibbonCheckBox.cpp">
      <Filter>Source Files</Filter>
    </ClCompile>
    <ClCompile Include="SARibbonComboBox.cpp">
      <Filter>Source Files</Filter>
    </ClCompile>
    <ClCompile Include="SARibbonContextCategory.cpp">
      <Filter>Source Files</Filter>
    </ClCompile>
    <ClCompile Include="SARibbonControlButton.cpp">
      <Filter>Source Files</Filter>
    </ClCompile>
    <ClCompile Include="SARibbonCtrlContainer.cpp">
      <Filter>Source Files</Filter>
    </ClCompile>
    <ClCompile Include="SARibbonCustomizeData.cpp">
      <Filter>Source Files</Filter>
    </ClCompile>
    <ClCompile Include="SARibbonCustomizeDialog.cpp">
      <Filter>Source Files</Filter>
    </ClCompile>
    <ClCompile Include="SARibbonCustomizeWidget.cpp">
      <Filter>Source Files</Filter>
    </ClCompile>
    <ClCompile Include="SARibbonDrawHelper.cpp">
      <Filter>Source Files</Filter>
    </ClCompile>
    <ClCompile Include="SARibbonElementCreateDelegate.cpp">
      <Filter>Source Files</Filter>
    </ClCompile>
    <ClCompile Include="SARibbonElementManager.cpp">
      <Filter>Source Files</Filter>
    </ClCompile>
    <ClCompile Include="SARibbonGallery.cpp">
      <Filter>Source Files</Filter>
    </ClCompile>
    <ClCompile Include="SARibbonGalleryGroup.cpp">
      <Filter>Source Files</Filter>
    </ClCompile>
    <ClCompile Include="SARibbonGalleryItem.cpp">
      <Filter>Source Files</Filter>
    </ClCompile>
    <ClCompile Include="SARibbonLineEdit.cpp">
      <Filter>Source Files</Filter>
    </ClCompile>
    <ClCompile Include="SARibbonLineWidgetContainer.cpp">
      <Filter>Source Files</Filter>
    </ClCompile>
    <ClCompile Include="SARibbonMainWindow.cpp">
      <Filter>Source Files</Filter>
    </ClCompile>
    <ClCompile Include="SARibbonMenu.cpp">
      <Filter>Source Files</Filter>
    </ClCompile>
    <ClCompile Include="SARibbonPannel.cpp">
      <Filter>Source Files</Filter>
    </ClCompile>
    <ClCompile Include="SARibbonPannelItem.cpp">
      <Filter>Source Files</Filter>
    </ClCompile>
    <ClCompile Include="SARibbonPannelLayout.cpp">
      <Filter>Source Files</Filter>
    </ClCompile>
    <ClCompile Include="SARibbonPannelOptionButton.cpp">
      <Filter>Source Files</Filter>
    </ClCompile>
    <ClCompile Include="SARibbonQuickAccessBar.cpp">
      <Filter>Source Files</Filter>
    </ClCompile>
    <ClCompile Include="SARibbonSeparatorWidget.cpp">
      <Filter>Source Files</Filter>
    </ClCompile>
    <ClCompile Include="SARibbonStackedWidget.cpp">
      <Filter>Source Files</Filter>
    </ClCompile>
    <ClCompile Include="SARibbonStyleOption.cpp">
      <Filter>Source Files</Filter>
    </ClCompile>
    <ClCompile Include="SARibbonTabBar.cpp">
      <Filter>Source Files</Filter>
    </ClCompile>
    <ClCompile Include="SARibbonToolButton.cpp">
      <Filter>Source Files</Filter>
    </ClCompile>
    <ClCompile Include="SAWindowButtonGroup.cpp">
      <Filter>Source Files</Filter>
    </ClCompile>
  </ItemGroup>
  <ItemGroup>
    <QtMoc Include="SAFramelessHelper.h">
      <Filter>Header Files</Filter>
    </QtMoc>
    <QtMoc Include="SARibbonActionsManager.h">
      <Filter>Header Files</Filter>
    </QtMoc>
    <QtMoc Include="SARibbonApplicationButton.h">
      <Filter>Header Files</Filter>
    </QtMoc>
    <QtMoc Include="SARibbonBar.h">
      <Filter>Header Files</Filter>
    </QtMoc>
    <QtMoc Include="SARibbonButtonGroupWidget.h">
      <Filter>Header Files</Filter>
    </QtMoc>
    <QtMoc Include="SARibbonCategory.h">
      <Filter>Header Files</Filter>
    </QtMoc>
    <QtMoc Include="SARibbonCategoryLayout.h">
      <Filter>Header Files</Filter>
    </QtMoc>
    <QtMoc Include="SARibbonCheckBox.h">
      <Filter>Header Files</Filter>
    </QtMoc>
    <QtMoc Include="SARibbonComboBox.h">
      <Filter>Header Files</Filter>
    </QtMoc>
    <QtMoc Include="SARibbonContextCategory.h">
      <Filter>Header Files</Filter>
    </QtMoc>
    <QtMoc Include="SARibbonControlButton.h">
      <Filter>Header Files</Filter>
    </QtMoc>
    <QtMoc Include="SARibbonCtrlContainer.h">
      <Filter>Header Files</Filter>
    </QtMoc>
    <ClInclude Include="SARibbonCustomizeData.h">
      <Filter>Header Files</Filter>
    </ClInclude>
    <QtMoc Include="SARibbonCustomizeDialog.h">
      <Filter>Header Files</Filter>
    </QtMoc>
    <QtMoc Include="SARibbonCustomizeWidget.h">
      <Filter>Header Files</Filter>
    </QtMoc>
    <ClInclude Include="SARibbonDrawHelper.h">
      <Filter>Header Files</Filter>
    </ClInclude>
    <ClInclude Include="SARibbonElementCreateDelegate.h">
      <Filter>Header Files</Filter>
    </ClInclude>
    <ClInclude Include="SARibbonElementManager.h">
      <Filter>Header Files</Filter>
    </ClInclude>
    <QtMoc Include="SARibbonGallery.h">
      <Filter>Header Files</Filter>
    </QtMoc>
    <QtMoc Include="SARibbonGalleryGroup.h">
      <Filter>Header Files</Filter>
    </QtMoc>
    <ClInclude Include="SARibbonGalleryItem.h">
      <Filter>Header Files</Filter>
    </ClInclude>
    <ClInclude Include="SARibbonGlobal.h">
      <Filter>Header Files</Filter>
    </ClInclude>
    <QtMoc Include="SARibbonLineEdit.h">
      <Filter>Header Files</Filter>
    </QtMoc>
    <ClInclude Include="SARibbonLineWidgetContainer.h">
      <Filter>Header Files</Filter>
    </ClInclude>
    <QtMoc Include="SARibbonMainWindow.h">
      <Filter>Header Files</Filter>
    </QtMoc>
    <QtMoc Include="SARibbonMenu.h">
      <Filter>Header Files</Filter>
    </QtMoc>
    <QtMoc Include="SARibbonPannel.h">
      <Filter>Header Files</Filter>
    </QtMoc>
    <ClInclude Include="SARibbonPannelItem.h">
      <Filter>Header Files</Filter>
    </ClInclude>
    <QtMoc Include="SARibbonPannelLayout.h">
      <Filter>Header Files</Filter>
    </QtMoc>
    <QtMoc Include="SARibbonPannelOptionButton.h">
      <Filter>Header Files</Filter>
    </QtMoc>
    <QtMoc Include="SARibbonQuickAccessBar.h">
      <Filter>Header Files</Filter>
    </QtMoc>
    <QtMoc Include="SARibbonSeparatorWidget.h">
      <Filter>Header Files</Filter>
    </QtMoc>
    <QtMoc Include="SARibbonStackedWidget.h">
      <Filter>Header Files</Filter>
    </QtMoc>
    <ClInclude Include="SARibbonStyleOption.h">
      <Filter>Header Files</Filter>
    </ClInclude>
    <QtMoc Include="SARibbonTabBar.h">
      <Filter>Header Files</Filter>
    </QtMoc>
    <QtMoc Include="SARibbonToolButton.h">
      <Filter>Header Files</Filter>
    </QtMoc>
    <QtMoc Include="SAWindowButtonGroup.h">
      <Filter>Header Files</Filter>
    </QtMoc>
  </ItemGroup>
  <ItemGroup>
    
    
    
    
    
    
    
    
    
    
    
    
    
    
    
    
    
    
    
    
    
    
    
    
    
    
    
    
    
    
    
    
    
    
    
    
    
    
    
    
    
    
    
    
    
    
    
    
    
    
    
    
    
    
    
    
    <CustomBuild Include="debug\moc_predefs.h.cbt">
      <Filter>Generated Files</Filter>
    </CustomBuild>
    <CustomBuild Include="release\moc_predefs.h.cbt">
      <Filter>Generated Files</Filter>
    </CustomBuild>
    
    
  </ItemGroup>
  <ItemGroup>
    <None Include="resource\ArrowDown.png">
      <Filter>Resource Files</Filter>
    </None>
    <None Include="resource\ArrowMore.png">
      <Filter>Resource Files</Filter>
    </None>
    <None Include="resource\ArrowUp.png">
      <Filter>Resource Files</Filter>
    </None>
    <None Include="resource\Titlebar_Close.png">
      <Filter>Resource Files</Filter>
    </None>
    <None Include="resource\Titlebar_Close_Hover.png">
      <Filter>Resource Files</Filter>
    </None>
    <None Include="resource\Titlebar_Max.png">
      <Filter>Resource Files</Filter>
    </None>
    <None Include="resource\Titlebar_Min.png">
      <Filter>Resource Files</Filter>
    </None>
    <None Include="resource\Titlebar_Normal.png">
      <Filter>Resource Files</Filter>
    </None>
    <None Include="resource\Titlebar_Shade.png">
      <Filter>Resource Files</Filter>
    </None>
    <None Include="resource\Titlebar_Unshade.png">
      <Filter>Resource Files</Filter>
    </None>
    <None Include="resource\default.qss">
      <Filter>Resource Files</Filter>
    </None>
    <None Include="resource\office2013.qss">
      <Filter>Resource Files</Filter>
    </None>
    <QtRcc Include="resource.qrc">
      <Filter>Resource Files</Filter>
    </QtRcc>
    <None Include="resource\ribbonPannelOptionButton.png">
      <Filter>Resource Files</Filter>
    </None>
  </ItemGroup>
</Project>